
Microsoft Visual Studio Solution File, Format Version 12.00
# Visual Studio Version 17
VisualStudioVersion = 17.2.32519.379
MinimumVisualStudioVersion = 10.0.40219.1
Project("{FAE04EC0-301F-11D3-BF4B-00C04F79EFBC}") = "ProgrammingCourses", "ProgrammingCourses\ProgrammingCourses.csproj", "{06678B11-18E6-46EA-A40A-AB052979AEFB}"
EndProject
Global
	GlobalSection(SolutionConfigurationPlatforms) = preSolution
		Debug|Any CPU = Debug|Any CPU
		Release|Any CPU = Release|Any CPU
	EndGlobalSection
	GlobalSection(ProjectConfigurationPlatforms) = postSolution
		{06678B11-18E6-46EA-A40A-AB052979AEFB}.Debug|Any CPU.ActiveCfg = Debug|Any CPU
		{06678B11-18E6-46EA-A40A-AB052979AEFB}.Debug|Any CPU.Build.0 = Debug|Any CPU
		{06678B11-18E6-46EA-A40A-AB052979AEFB}.Release|Any CPU.ActiveCfg = Release|Any CPU
		{06678B11-18E6-46EA-A40A-AB052979AEFB}.Release|Any CPU.Build.0 = Release|Any CPU
	EndGlobalSection
	GlobalSection(SolutionProperties) = preSolution
		HideSolutionNode = FALSE
	EndGlobalSection
	GlobalSection(ExtensibilityGlobals) = postSolution
		SolutionGuid = {A0568DD1-1598-4983-82CE-7FD164681EB4}
	EndGlobalSection
EndGlobal
