
Microsoft Visual Studio Solution File, Format Version 12.00
# Visual Studio Version 17
VisualStudioVersion = 17.3.32825.248
MinimumVisualStudioVersion = 10.0.40219.1
Project("{9A19103F-16F7-4668-BE54-9A1E7A4F7556}") = "Example_List_V1", "Example_List_V1\Example_List_V1.csproj", "{722D71B5-B8D3-4725-AF6D-C3A25BA2AAA5}"
EndProject
Project("{9A19103F-16F7-4668-BE54-9A1E7A4F7556}") = "LibList", "LibList\LibList.csproj", "{784406CA-7C30-42C6-9104-2F8EADC05838}"
EndProject
Project("{9A19103F-16F7-4668-BE54-9A1E7A4F7556}") = "TestLibList", "TestLibList\TestLibList.csproj", "{18528406-9C20-4E1E-95AA-00AE46C22FF4}"
EndProject
Project("{FAE04EC0-301F-11D3-BF4B-00C04F79EFBC}") = "Test_Of_Own_Library", "Test_Of_Own_Library\Test_Of_Own_Library.csproj", "{F3C28D71-1359-42AF-89F9-0971A8603A99}"
EndProject
Project("{FAE04EC0-301F-11D3-BF4B-00C04F79EFBC}") = "List_librarry_own", "List_librarry_own\List_librarry_own.csproj", "{78ACD147-89D6-4A17-BE25-2E2397F155E2}"
EndProject
Global
	GlobalSection(SolutionConfigurationPlatforms) = preSolution
		Debug|Any CPU = Debug|Any CPU
		Release|Any CPU = Release|Any CPU
	EndGlobalSection
	GlobalSection(ProjectConfigurationPlatforms) = postSolution
		{722D71B5-B8D3-4725-AF6D-C3A25BA2AAA5}.Debug|Any CPU.ActiveCfg = Debug|Any CPU
		{722D71B5-B8D3-4725-AF6D-C3A25BA2AAA5}.Debug|Any CPU.Build.0 = Debug|Any CPU
		{722D71B5-B8D3-4725-AF6D-C3A25BA2AAA5}.Release|Any CPU.ActiveCfg = Release|Any CPU
		{722D71B5-B8D3-4725-AF6D-C3A25BA2AAA5}.Release|Any CPU.Build.0 = Release|Any CPU
		{784406CA-7C30-42C6-9104-2F8EADC05838}.Debug|Any CPU.ActiveCfg = Debug|Any CPU
		{784406CA-7C30-42C6-9104-2F8EADC05838}.Debug|Any CPU.Build.0 = Debug|Any CPU
		{784406CA-7C30-42C6-9104-2F8EADC05838}.Release|Any CPU.ActiveCfg = Release|Any CPU
		{784406CA-7C30-42C6-9104-2F8EADC05838}.Release|Any CPU.Build.0 = Release|Any CPU
		{18528406-9C20-4E1E-95AA-00AE46C22FF4}.Debug|Any CPU.ActiveCfg = Debug|Any CPU
		{18528406-9C20-4E1E-95AA-00AE46C22FF4}.Debug|Any CPU.Build.0 = Debug|Any CPU
		{18528406-9C20-4E1E-95AA-00AE46C22FF4}.Release|Any CPU.ActiveCfg = Release|Any CPU
		{18528406-9C20-4E1E-95AA-00AE46C22FF4}.Release|Any CPU.Build.0 = Release|Any CPU
		{F3C28D71-1359-42AF-89F9-0971A8603A99}.Debug|Any CPU.ActiveCfg = Debug|Any CPU
		{F3C28D71-1359-42AF-89F9-0971A8603A99}.Debug|Any CPU.Build.0 = Debug|Any CPU
		{F3C28D71-1359-42AF-89F9-0971A8603A99}.Release|Any CPU.ActiveCfg = Release|Any CPU
		{F3C28D71-1359-42AF-89F9-0971A8603A99}.Release|Any CPU.Build.0 = Release|Any CPU
		{78ACD147-89D6-4A17-BE25-2E2397F155E2}.Debug|Any CPU.ActiveCfg = Debug|Any CPU
		{78ACD147-89D6-4A17-BE25-2E2397F155E2}.Debug|Any CPU.Build.0 = Debug|Any CPU
		{78ACD147-89D6-4A17-BE25-2E2397F155E2}.Release|Any CPU.ActiveCfg = Release|Any CPU
		{78ACD147-89D6-4A17-BE25-2E2397F155E2}.Release|Any CPU.Build.0 = Release|Any CPU
	EndGlobalSection
	GlobalSection(SolutionProperties) = preSolution
		HideSolutionNode = FALSE
	EndGlobalSection
	GlobalSection(ExtensibilityGlobals) = postSolution
		SolutionGuid = {D81551DF-686B-4160-8711-AECE19AED650}
	EndGlobalSection
EndGlobal
